// !$*UTF8*$!
{
	archiveVersion = 1;
	classes = {
	};
	objectVersion = 46;
	objects = {

/* Begin PBXBuildFile section */
		848084371EB12E0E00C97BC9 /* AppDelegate.swift in Sources */ = {isa = PBXBuildFile; fileRef = 848084361EB12E0E00C97BC9 /* AppDelegate.swift */; };
		848084391EB12E0E00C97BC9 /* ViewController.swift in Sources */ = {isa = PBXBuildFile; fileRef = 848084381EB12E0E00C97BC9 /* ViewController.swift */; };
		8480843C1EB12E0E00C97BC9 /* Main.storyboard in Resources */ = {isa = PBXBuildFile; fileRef = 8480843A1EB12E0E00C97BC9 /* Main.storyboard */; };
		8480843E1EB12E0E00C97BC9 /* Assets.xcassets in Resources */ = {isa = PBXBuildFile; fileRef = 8480843D1EB12E0E00C97BC9 /* Assets.xcassets */; };
		848084411EB12E0E00C97BC9 /* LaunchScreen.storyboard in Resources */ = {isa = PBXBuildFile; fileRef = 8480843F1EB12E0E00C97BC9 /* LaunchScreen.storyboard */; };
		848084491EB1349100C97BC9 /* CustomTableViewCell.swift in Sources */ = {isa = PBXBuildFile; fileRef = 848084481EB1349100C97BC9 /* CustomTableViewCell.swift */; };
/* End PBXBuildFile section */

/* Begin PBXFileReference section */
		848084331EB12E0E00C97BC9 /* TableViewExemplo.app */ = {isa = PBXFileReference; explicitFileType = wrapper.application; includeInIndex = 0; path = TableViewExemplo.app; sourceTree = BUILT_PRODUCTS_DIR; };
		848084361EB12E0E00C97BC9 /* AppDelegate.swift */ = {isa = PBXFileReference; lastKnownFileType = sourcecode.swift; path = AppDelegate.swift; sourceTree = "<group>"; };
		848084381EB12E0E00C97BC9 /* ViewController.swift */ = {isa = PBXFileReference; lastKnownFileType = sourcecode.swift; path = ViewController.swift; sourceTree = "<group>"; };
		8480843B1EB12E0E00C97BC9 /* Base */ = {isa = PBXFileReference; lastKnownFileType = file.storyboard; name = Base; path = Base.lproj/Main.storyboard; sourceTree = "<group>"; };
		8480843D1EB12E0E00C97BC9 /* Assets.xcassets */ = {isa = PBXFileReference; lastKnownFileType = folder.assetcatalog; path = Assets.xcassets; sourceTree = "<group>"; };
		848084401EB12E0E00C97BC9 /* Base */ = {isa = PBXFileReference; lastKnownFileType = file.storyboard; name = Base; path = Base.lproj/LaunchScreen.storyboard; sourceTree = "<group>"; };
		848084421EB12E0E00C97BC9 /* Info.plist */ = {isa = PBXFileReference; lastKnownFileType = text.plist.xml; path = Info.plist; sourceTree = "<group>"; };
		848084481EB1349100C97BC9 /* CustomTableViewCell.swift */ = {isa = PBXFileReference; fileEncoding = 4; lastKnownFileType = sourcecode.swift; path = CustomTableViewCell.swift; sourceTree = "<group>"; };
/* End PBXFileReference section */

/* Begin PBXFrameworksBuildPhase section */
		848084301EB12E0E00C97BC9 /* Frameworks */ = {
			isa = PBXFrameworksBuildPhase;
			buildActionMask = 2147483647;
			files = (
			);
			runOnlyForDeploymentPostprocessing = 0;
		};
/* End PBXFrameworksBuildPhase section */

/* Begin PBXGroup section */
		8480842A1EB12E0E00C97BC9 = {
			isa = PBXGroup;
			children = (
				848084351EB12E0E00C97BC9 /* TableViewExemplo */,
				848084341EB12E0E00C97BC9 /* Products */,
			);
			sourceTree = "<group>";
		};
		848084341EB12E0E00C97BC9 /* Products */ = {
			isa = PBXGroup;
			children = (
				848084331EB12E0E00C97BC9 /* TableViewExemplo.app */,
			);
			name = Products;
			sourceTree = "<group>";
		};
		848084351EB12E0E00C97BC9 /* TableViewExemplo */ = {
			isa = PBXGroup;
			children = (
				848084361EB12E0E00C97BC9 /* AppDelegate.swift */,
				848084381EB12E0E00C97BC9 /* ViewController.swift */,
				8480843A1EB12E0E00C97BC9 /* Main.storyboard */,
				848084481EB1349100C97BC9 /* CustomTableViewCell.swift */,
				8480843D1EB12E0E00C97BC9 /* Assets.xcassets */,
				8480843F1EB12E0E00C97BC9 /* LaunchScreen.storyboard */,
				848084421EB12E0E00C97BC9 /* Info.plist */,
			);
			path = TableViewExemplo;
			sourceTree = "<group>";
		};
/* End PBXGroup section */

/* Begin PBXNativeTarget section */
		848084321EB12E0E00C97BC9 /* TableViewExemplo */ = {
			isa = PBXNativeTarget;
			buildConfigurationList = 848084451EB12E0E00C97BC9 /* Build configuration list for PBXNativeTarget "TableViewExemplo" */;
			buildPhases = (
				8480842F1EB12E0E00C97BC9 /* Sources */,
				848084301EB12E0E00C97BC9 /* Frameworks */,
				848084311EB12E0E00C97BC9 /* Resources */,
			);
			buildRules = (
			);
			dependencies = (
			);
			name = TableViewExemplo;
			productName = TableViewExemplo;
			productReference = 848084331EB12E0E00C97BC9 /* TableViewExemplo.app */;
			productType = "com.apple.product-type.application";
		};
/* End PBXNativeTarget section */

/* Begin PBXProject section */
		8480842B1EB12E0E00C97BC9 /* Project object */ = {
			isa = PBXProject;
			attributes = {
				LastSwiftUpdateCheck = 0830;
				LastUpgradeCheck = 0830;
				ORGANIZATIONNAME = Rlzsystem;
				TargetAttributes = {
					848084321EB12E0E00C97BC9 = {
						CreatedOnToolsVersion = 8.3.2;
						ProvisioningStyle = Automatic;
					};
				};
			};
			buildConfigurationList = 8480842E1EB12E0E00C97BC9 /* Build configuration list for PBXProject "TableViewExemplo" */;
			compatibilityVersion = "Xcode 3.2";
			developmentRegion = English;
			hasScannedForEncodings = 0;
			knownRegions = (
				en,
				Base,
			);
			mainGroup = 8480842A1EB12E0E00C97BC9;
			productRefGroup = 848084341EB12E0E00C97BC9 /* Products */;
			projectDirPath = "";
			projectRoot = "";
			targets = (
				848084321EB12E0E00C97BC9 /* TableViewExemplo */,
			);
		};
/* End PBXProject section */

/* Begin PBXResourcesBuildPhase section */
		848084311EB12E0E00C97BC9 /* Resources */ = {
			isa = PBXResourcesBuildPhase;
			buildActionMask = 2147483647;
			files = (
				848084411EB12E0E00C97BC9 /* LaunchScreen.storyboard in Resources */,
				8480843E1EB12E0E00C97BC9 /* Assets.xcassets in Resources */,
				8480843C1EB12E0E00C97BC9 /* Main.storyboard in Resources */,
			);
			runOnlyForDeploymentPostprocessing = 0;
		};
/* End PBXResourcesBuildPhase section */

/* Begin PBXSourcesBuildPhase section */
		8480842F1EB12E0E00C97BC9 /* Sources */ = {
			isa = PBXSourcesBuildPhase;
			buildActionMask = 2147483647;
			files = (
				848084491EB1349100C97BC9 /* CustomTableViewCell.swift in Sources */,
				848084391EB12E0E00C97BC9 /* ViewController.swift in Sources */,
				848084371EB12E0E00C97BC9 /* AppDelegate.swift in Sources */,
			);
			runOnlyForDeploymentPostprocessing = 0;
		};
/* End PBXSourcesBuildPhase section */

/* Begin PBXVariantGroup section */
		8480843A1EB12E0E00C97BC9 /* Main.storyboard */ = {
			isa = PBXVariantGroup;
			children = (
				8480843B1EB12E0E00C97BC9 /* Base */,
			);
			name = Main.storyboard;
			sourceTree = "<group>";
		};
		8480843F1EB12E0E00C97BC9 /* LaunchScreen.storyboard */ = {
			isa = PBXVariantGroup;
			children = (
				848084401EB12E0E00C97BC9 /* Base */,
			);
			name = LaunchScreen.storyboard;
			sourceTree = "<group>";
		};
/* End PBXVariantGroup section */

/* Begin XCBuildConfiguration section */
		848084431EB12E0E00C97BC9 /* Debug */ = {
			isa = XCBuildConfiguration;
			buildSettings = {
				ALWAYS_SEARCH_USER_PATHS = NO;
				CLANG_ANALYZER_NONNULL = YES;
				CLANG_ANALYZER_NUMBER_OBJECT_CONVERSION = YES_AGGRESSIVE;
				CLANG_CXX_LANGUAGE_STANDARD = "gnu++0x";
				CLANG_CXX_LIBRARY = "libc++";
				CLANG_ENABLE_MODULES = YES;
				CLANG_ENABLE_OBJC_ARC = YES;
				CLANG_WARN_BOOL_CONVERSION = YES;
				CLANG_WARN_CONSTANT_CONVERSION = YES;
				CLANG_WARN_DIRECT_OBJC_ISA_USAGE = YES_ERROR;
				CLANG_WARN_DOCUMENTATION_COMMENTS = YES;
				CLANG_WARN_EMPTY_BODY = YES;
				CLANG_WARN_ENUM_CONVERSION = YES;
				CLANG_WARN_INFINITE_RECURSION = YES;
				CLANG_WARN_INT_CONVERSION = YES;
				CLANG_WARN_OBJC_ROOT_CLASS = YES_ERROR;
				CLANG_WARN_SUSPICIOUS_MOVE = YES;
				CLANG_WARN_UNREACHABLE_CODE = YES;
				CLANG_WARN__DUPLICATE_METHOD_MATCH = YES;
				"CODE_SIGN_IDENTITY[sdk=iphoneos*]" = "iPhone Developer";
				COPY_PHASE_STRIP = NO;
				DEBUG_INFORMATION_FORMAT = dwarf;
				ENABLE_STRICT_OBJC_MSGSEND = YES;
				ENABLE_TESTABILITY = YES;
				GCC_C_LANGUAGE_STANDARD = gnu99;
				GCC_DYNAMIC_NO_PIC = NO;
				GCC_NO_COMMON_BLOCKS = YES;
				GCC_OPTIMIZATION_LEVEL = 0;
				GCC_PREPROCESSOR_DEFINITIONS = (
					"DEBUG=1",
					"$(inherited)",
				);
				GCC_WARN_64_TO_32_BIT_CONVERSION = YES;
				GCC_WARN_ABOUT_RETURN_TYPE = YES_ERROR;
				GCC_WARN_UNDECLARED_SELECTOR = YES;
				GCC_WARN_UNINITIALIZED_AUTOS = YES_AGGRESSIVE;
				GCC_WARN_UNUSED_FUNCTION = YES;
				GCC_WARN_UNUSED_VARIABLE = YES;
				IPHONEOS_DEPLOYMENT_TARGET = 10.3;
				MTL_ENABLE_DEBUG_INFO = YES;
				ONLY_ACTIVE_ARCH = YES;
				SDKROOT = iphoneos;
				SWIFT_ACTIVE_COMPILATION_CONDITIONS = DEBUG;
				SWIFT_OPTIMIZATION_LEVEL = "-Onone";
				TARGETED_DEVICE_FAMILY = "1,2";
			};
			name = Debug;
		};
		848084441EB12E0E00C97BC9 /* Release */ = {
			isa = XCBuildConfiguration;
			buildSettings = {
				ALWAYS_SEARCH_USER_PATHS = NO;
				CLANG_ANALYZER_NONNULL = YES;
				CLANG_ANALYZER_NUMBER_OBJECT_CONVERSION = YES_AGGRESSIVE;
				CLANG_CXX_LANGUAGE_STANDARD = "gnu++0x";
				CLANG_CXX_LIBRARY = "libc++";
				CLANG_ENABLE_MODULES = YES;
				CLANG_ENABLE_OBJC_ARC = YES;
				CLANG_WARN_BOOL_CONVERSION = YES;
				CLANG_WARN_CONSTANT_CONVERSION = YES;
				CLANG_WARN_DIRECT_OBJC_ISA_USAGE = YES_ERROR;
				CLANG_WARN_DOCUMENTATION_COMMENTS = YES;
				CLANG_WARN_EMPTY_BODY = YES;
				CLANG_WARN_ENUM_CONVERSION = YES;
				CLANG_WARN_INFINITE_RECURSION = YES;
				CLANG_WARN_INT_CONVERSION = YES;
				CLANG_WARN_OBJC_ROOT_CLASS = YES_ERROR;
				CLANG_WARN_SUSPICIOUS_MOVE = YES;
				CLANG_WARN_UNREACHABLE_CODE = YES;
				CLANG_WARN__DUPLICATE_METHOD_MATCH = YES;
				"CODE_SIGN_IDENTITY[sdk=iphoneos*]" = "iPhone Developer";
				COPY_PHASE_STRIP = NO;
				DEBUG_INFORMATION_FORMAT = "dwarf-with-dsym";
				ENABLE_NS_ASSERTIONS = NO;
				ENABLE_STRICT_OBJC_MSGSEND = YES;
				GCC_C_LANGUAGE_STANDARD = gnu99;
				GCC_NO_COMMON_BLOCKS = YES;
				GCC_WARN_64_TO_32_BIT_CONVERSION = YES;
				GCC_WARN_ABOUT_RETURN_TYPE = YES_ERROR;
				GCC_WARN_UNDECLARED_SELECTOR = YES;
				GCC_WARN_UNINITIALIZED_AUTOS = YES_AGGRESSIVE;
				GCC_WARN_UNUSED_FUNCTION = YES;
				GCC_WARN_UNUSED_VARIABLE = YES;
				IPHONEOS_DEPLOYMENT_TARGET = 10.3;
				MTL_ENABLE_DEBUG_INFO = NO;
				SDKROOT = iphoneos;
				SWIFT_OPTIMIZATION_LEVEL = "-Owholemodule";
				TARGETED_DEVICE_FAMILY = "1,2";
				VALIDATE_PRODUCT = YES;
			};
			name = Release;
		};
		848084461EB12E0E00C97BC9 /* Debug */ = {
			isa = XCBuildConfiguration;
			buildSettings = {
				ASSETCATALOG_COMPILER_APPICON_NAME = AppIcon;
				INFOPLIST_FILE = TableViewExemplo/Info.plist;
				LD_RUNPATH_SEARCH_PATHS = "$(inherited) @executable_path/Frameworks";
				PRODUCT_BUNDLE_IDENTIFIER = com.rlzsystem.TableViewExemplo;
				PRODUCT_NAME = "$(TARGET_NAME)";
				SWIFT_VERSION = 3.0;
			};
			name = Debug;
		};
		848084471EB12E0E00C97BC9 /* Release */ = {
			isa = XCBuildConfiguration;
			buildSettings = {
				ASSETCATALOG_COMPILER_APPICON_NAME = AppIcon;
				INFOPLIST_FILE = TableViewExemplo/Info.plist;
				LD_RUNPATH_SEARCH_PATHS = "$(inherited) @executable_path/Frameworks";
				PRODUCT_BUNDLE_IDENTIFIER = com.rlzsystem.TableViewExemplo;
				PRODUCT_NAME = "$(TARGET_NAME)";
				SWIFT_VERSION = 3.0;
			};
			name = Release;
		};
/* End XCBuildConfiguration section */

/* Begin XCConfigurationList section */
		8480842E1EB12E0E00C97BC9 /* Build configuration list for PBXProject "TableViewExemplo" */ = {
			isa = XCConfigurationList;
			buildConfigurations = (
				848084431EB12E0E00C97BC9 /* Debug */,
				848084441EB12E0E00C97BC9 /* Release */,
			);
			defaultConfigurationIsVisible = 0;
			defaultConfigurationName = Release;
		};
		848084451EB12E0E00C97BC9 /* Build configuration list for PBXNativeTarget "TableViewExemplo" */ = {
			isa = XCConfigurationList;
			buildConfigurations = (
				848084461EB12E0E00C97BC9 /* Debug */,
				848084471EB12E0E00C97BC9 /* Release */,
			);
			defaultConfigurationIsVisible = 0;
		};
/* End XCConfigurationList section */
	};
	rootObject = 8480842B1EB12E0E00C97BC9 /* Project object */;
}
